# This file is automatically @generated by Cargo.
# It is not intended for manual editing.
version = 3

[[package]]
name = "auth"
version = "0.1.0"
dependencies = [
 "bytes",
 "diesel",
 "ft-sdk",
 "http",
 "serde",
 "serde_json",
 "thiserror",
]

[[package]]
name = "autocfg"
version = "1.2.0"
source = "registry+https://github.com/rust-lang/crates.io-index"
checksum = "f1fdabc7756949593fe60f30ec81974b613357de856987752631dea1e3394c80"

[[package]]
name = "bitflags"
version = "2.5.0"
source = "registry+https://github.com/rust-lang/crates.io-index"
checksum = "cf4b9d6a944f767f8e5e0db018570623c85f3d925ac718db4e06d0187adb21c1"

[[package]]
name = "byteorder"
version = "1.5.0"
source = "registry+https://github.com/rust-lang/crates.io-index"
checksum = "1fd0f2584146f6f2ef48085050886acf353beff7305ebd1ae69500e27c67f64b"

[[package]]
name = "bytes"
version = "1.6.0"
source = "registry+https://github.com/rust-lang/crates.io-index"
checksum = "514de17de45fdb8dc022b1a7975556c53c86f9f0aa5f534b98977b171857c2c9"

[[package]]
name = "chrono"
version = "0.4.37"
source = "registry+https://github.com/rust-lang/crates.io-index"
checksum = "8a0d04d43504c61aa6c7531f1871dd0d418d91130162063b789da00fd7057a5e"
dependencies = [
 "num-traits",
 "serde",
]

[[package]]
name = "diesel"
version = "2.1.5"
source = "registry+https://github.com/rust-lang/crates.io-index"
checksum = "03fc05c17098f21b89bc7d98fe1dd3cce2c11c2ad8e145f2a44fe08ed28eb559"
dependencies = [
 "bitflags",
 "byteorder",
 "diesel_derives",
 "itoa",
]

[[package]]
name = "diesel_derives"
version = "2.1.3"
source = "registry+https://github.com/rust-lang/crates.io-index"
checksum = "5d02eecb814ae714ffe61ddc2db2dd03e6c49a42e269b5001355500d431cce0c"
dependencies = [
 "diesel_table_macro_syntax",
 "proc-macro2",
 "quote",
 "syn",
]

[[package]]
name = "diesel_table_macro_syntax"
version = "0.1.0"
source = "registry+https://github.com/rust-lang/crates.io-index"
checksum = "fc5557efc453706fed5e4fa85006fe9817c224c3f480a34c7e5959fd700921c5"
dependencies = [
 "syn",
]

[[package]]
name = "fnv"
version = "1.0.7"
source = "registry+https://github.com/rust-lang/crates.io-index"
checksum = "3f9eec918d3f24069decb9af1554cad7c880e2da24a9afd88aca000531ab82c1"

[[package]]
name = "form_urlencoded"
version = "1.2.1"
source = "registry+https://github.com/rust-lang/crates.io-index"
checksum = "e13624c2627564efccf4934284bdd98cbaa14e79b0b5a141218e507b3a823456"
dependencies = [
 "percent-encoding",
]

[[package]]
name = "ft-sdk"
version = "0.1.1"
source = "registry+https://github.com/rust-lang/crates.io-index"
checksum = "ac01a07cfdb0d05928cfba5299f62fa141c41dad23541d080d0f1395dc203f43"
dependencies = [
 "bytes",
 "chrono",
 "diesel",
 "ft-sys",
 "http",
 "serde",
 "serde_json",
 "serde_urlencoded",
 "thiserror",
]

[[package]]
name = "ft-sys"
version = "0.1.1"
source = "registry+https://github.com/rust-lang/crates.io-index"
checksum = "626a184e388c1b125406a464b5d11d9f215ff3fe28f7078f04e3d8f6b452b7f5"
dependencies = [
 "bytes",
 "chrono",
 "diesel",
 "ft-sys-shared",
 "http",
 "serde",
 "serde_json",
]

[[package]]
name = "ft-sys-shared"
version = "0.1.0"
source = "registry+https://github.com/rust-lang/crates.io-index"
checksum = "02b9ba40e9516fd4cf1a8d11b834ea7e9d4670db6594461ddfdae8b5bf9b1d53"
dependencies = [
 "bytes",
 "http",
 "serde",
 "thiserror",
]

[[package]]
name = "http"
version = "1.1.0"
source = "registry+https://github.com/rust-lang/crates.io-index"
checksum = "21b9ddb458710bc376481b842f5da65cdf31522de232c1ca8146abce2a358258"
dependencies = [
 "bytes",
 "fnv",
 "itoa",
]

[[package]]
name = "itoa"
version = "1.0.11"
source = "registry+https://github.com/rust-lang/crates.io-index"
checksum = "49f1f14873335454500d59611f1cf4a4b0f786f9ac11f4312a78e4cf2566695b"

[[package]]
name = "num-traits"
version = "0.2.18"
source = "registry+https://github.com/rust-lang/crates.io-index"
checksum = "da0df0e5185db44f69b44f26786fe401b6c293d1907744beaa7fa62b2e5a517a"
dependencies = [
 "autocfg",
]

[[package]]
name = "percent-encoding"
version = "2.3.1"
source = "registry+https://github.com/rust-lang/crates.io-index"
checksum = "e3148f5046208a5d56bcfc03053e3ca6334e51da8dfb19b6cdc8b306fae3283e"

[[package]]
name = "proc-macro2"
version = "1.0.79"
source = "registry+https://github.com/rust-lang/crates.io-index"
checksum = "e835ff2298f5721608eb1a980ecaee1aef2c132bf95ecc026a11b7bf3c01c02e"
dependencies = [
 "unicode-ident",
]

[[package]]
name = "quote"
version = "1.0.35"
source = "registry+https://github.com/rust-lang/crates.io-index"
checksum = "291ec9ab5efd934aaf503a6466c5d5251535d108ee747472c3977cc5acc868ef"
dependencies = [
 "proc-macro2",
]

[[package]]
name = "ryu"
version = "1.0.17"
source = "registry+https://github.com/rust-lang/crates.io-index"
checksum = "e86697c916019a8588c99b5fac3cead74ec0b4b819707a682fd4d23fa0ce1ba1"

[[package]]
name = "serde"
version = "1.0.197"
source = "registry+https://github.com/rust-lang/crates.io-index"
checksum = "3fb1c873e1b9b056a4dc4c0c198b24c3ffa059243875552b2bd0933b1aee4ce2"
dependencies = [
 "serde_derive",
]

[[package]]
name = "serde_derive"
version = "1.0.197"
source = "registry+https://github.com/rust-lang/crates.io-index"
checksum = "7eb0b34b42edc17f6b7cac84a52a1c5f0e1bb2227e997ca9011ea3dd34e8610b"
dependencies = [
 "proc-macro2",
 "quote",
 "syn",
]

[[package]]
name = "serde_json"
version = "1.0.115"
source = "registry+https://github.com/rust-lang/crates.io-index"
checksum = "12dc5c46daa8e9fdf4f5e71b6cf9a53f2487da0e86e55808e2d35539666497dd"
dependencies = [
 "itoa",
 "ryu",
 "serde",
]

[[package]]
name = "serde_urlencoded"
version = "0.7.1"
source = "registry+https://github.com/rust-lang/crates.io-index"
checksum = "d3491c14715ca2294c4d6a88f15e84739788c1d030eed8c110436aafdaa2f3fd"
dependencies = [
 "form_urlencoded",
 "itoa",
 "ryu",
 "serde",
]

[[package]]
name = "syn"
version = "2.0.58"
source = "registry+https://github.com/rust-lang/crates.io-index"
checksum = "44cfb93f38070beee36b3fef7d4f5a16f27751d94b187b666a5cc5e9b0d30687"
dependencies = [
 "proc-macro2",
 "quote",
 "unicode-ident",
]

[[package]]
name = "thiserror"
version = "1.0.58"
source = "registry+https://github.com/rust-lang/crates.io-index"
checksum = "03468839009160513471e86a034bb2c5c0e4baae3b43f79ffc55c4a5427b3297"
dependencies = [
 "thiserror-impl",
]

[[package]]
name = "thiserror-impl"
version = "1.0.58"
source = "registry+https://github.com/rust-lang/crates.io-index"
checksum = "c61f3ba182994efc43764a46c018c347bc492c79f024e705f46567b418f6d4f7"
dependencies = [
 "proc-macro2",
 "quote",
 "syn",
]

[[package]]
name = "unicode-ident"
version = "1.0.12"
source = "registry+https://github.com/rust-lang/crates.io-index"
checksum = "3354b9ac3fae1ff6755cb6db53683adb661634f67557942dea4facebec0fee4b"
